
Microsoft Visual Studio Solution File, Format Version 12.00
# Visual Studio 2012
Project("{FAE04EC0-301F-11D3-BF4B-00C04F79EFBC}") = "LuaDebugger", "LuaDebugger\LuaDebugger.csproj", "{707CEB10-EA0D-4A8A-AB18-BA41800DB0BF}"
EndProject
Project("{FAE04EC0-301F-11D3-BF4B-00C04F79EFBC}") = "DebugSettlers", "DebugDummy\DebugSettlers.csproj", "{9C66C249-83DA-4DD5-AB47-1372248AD9D3}"
EndProject
Project("{FAE04EC0-301F-11D3-BF4B-00C04F79EFBC}") = "DebugStandalone", "DebugStandalone\DebugStandalone.csproj", "{72B8959A-9443-4AF8-B76A-794CD74675B4}"
EndProject
Project("{FAE04EC0-301F-11D3-BF4B-00C04F79EFBC}") = "LuaDebuggerStarter", "LuaDebuggerStarter\LuaDebuggerStarter.csproj", "{16B211B2-5232-4DF1-94F2-BE76C28E1302}"
EndProject
Global
	GlobalSection(SolutionConfigurationPlatforms) = preSolution
		Dbg S5|Any CPU = Dbg S5|Any CPU
		Dbg S5|Mixed Platforms = Dbg S5|Mixed Platforms
		Dbg S5|x86 = Dbg S5|x86
		Dbg S6|Any CPU = Dbg S6|Any CPU
		Dbg S6|Mixed Platforms = Dbg S6|Mixed Platforms
		Dbg S6|x86 = Dbg S6|x86
		Debug|Any CPU = Debug|Any CPU
		Debug|Mixed Platforms = Debug|Mixed Platforms
		Debug|x86 = Debug|x86
		Rel S5|Any CPU = Rel S5|Any CPU
		Rel S5|Mixed Platforms = Rel S5|Mixed Platforms
		Rel S5|x86 = Rel S5|x86
		Rel S6|Any CPU = Rel S6|Any CPU
		Rel S6|Mixed Platforms = Rel S6|Mixed Platforms
		Rel S6|x86 = Rel S6|x86
		Release|Any CPU = Release|Any CPU
		Release|Mixed Platforms = Release|Mixed Platforms
		Release|x86 = Release|x86
	EndGlobalSection
	GlobalSection(ProjectConfigurationPlatforms) = postSolution
		{707CEB10-EA0D-4A8A-AB18-BA41800DB0BF}.Dbg S5|Any CPU.ActiveCfg = Debug S5|Any CPU
		{707CEB10-EA0D-4A8A-AB18-BA41800DB0BF}.Dbg S5|Any CPU.Build.0 = Debug S5|Any CPU
		{707CEB10-EA0D-4A8A-AB18-BA41800DB0BF}.Dbg S5|Mixed Platforms.ActiveCfg = Debug S5|x86
		{707CEB10-EA0D-4A8A-AB18-BA41800DB0BF}.Dbg S5|Mixed Platforms.Build.0 = Debug S5|x86
		{707CEB10-EA0D-4A8A-AB18-BA41800DB0BF}.Dbg S5|x86.ActiveCfg = Debug S5|x86
		{707CEB10-EA0D-4A8A-AB18-BA41800DB0BF}.Dbg S5|x86.Build.0 = Debug S5|x86
		{707CEB10-EA0D-4A8A-AB18-BA41800DB0BF}.Dbg S6|Any CPU.ActiveCfg = Debug S5|Any CPU
		{707CEB10-EA0D-4A8A-AB18-BA41800DB0BF}.Dbg S6|Any CPU.Build.0 = Debug S5|Any CPU
		{707CEB10-EA0D-4A8A-AB18-BA41800DB0BF}.Dbg S6|Mixed Platforms.ActiveCfg = Debug S6|x86
		{707CEB10-EA0D-4A8A-AB18-BA41800DB0BF}.Dbg S6|Mixed Platforms.Build.0 = Debug S6|x86
		{707CEB10-EA0D-4A8A-AB18-BA41800DB0BF}.Dbg S6|x86.ActiveCfg = Debug S6|x86
		{707CEB10-EA0D-4A8A-AB18-BA41800DB0BF}.Dbg S6|x86.Build.0 = Debug S6|x86
		{707CEB10-EA0D-4A8A-AB18-BA41800DB0BF}.Debug|Any CPU.ActiveCfg = Debug S5|Any CPU
		{707CEB10-EA0D-4A8A-AB18-BA41800DB0BF}.Debug|Any CPU.Build.0 = Debug S5|Any CPU
		{707CEB10-EA0D-4A8A-AB18-BA41800DB0BF}.Debug|Mixed Platforms.ActiveCfg = Debug S5|x86
		{707CEB10-EA0D-4A8A-AB18-BA41800DB0BF}.Debug|Mixed Platforms.Build.0 = Debug S5|x86
		{707CEB10-EA0D-4A8A-AB18-BA41800DB0BF}.Debug|x86.ActiveCfg = Debug S5|x86
		{707CEB10-EA0D-4A8A-AB18-BA41800DB0BF}.Debug|x86.Build.0 = Debug S5|x86
		{707CEB10-EA0D-4A8A-AB18-BA41800DB0BF}.Rel S5|Any CPU.ActiveCfg = Release S5|Any CPU
		{707CEB10-EA0D-4A8A-AB18-BA41800DB0BF}.Rel S5|Any CPU.Build.0 = Release S5|Any CPU
		{707CEB10-EA0D-4A8A-AB18-BA41800DB0BF}.Rel S5|Mixed Platforms.ActiveCfg = Release S5|x86
		{707CEB10-EA0D-4A8A-AB18-BA41800DB0BF}.Rel S5|Mixed Platforms.Build.0 = Release S5|x86
		{707CEB10-EA0D-4A8A-AB18-BA41800DB0BF}.Rel S5|x86.ActiveCfg = Release S5|x86
		{707CEB10-EA0D-4A8A-AB18-BA41800DB0BF}.Rel S5|x86.Build.0 = Release S5|x86
		{707CEB10-EA0D-4A8A-AB18-BA41800DB0BF}.Rel S6|Any CPU.ActiveCfg = Release S6|Any CPU
		{707CEB10-EA0D-4A8A-AB18-BA41800DB0BF}.Rel S6|Any CPU.Build.0 = Release S6|Any CPU
		{707CEB10-EA0D-4A8A-AB18-BA41800DB0BF}.Rel S6|Mixed Platforms.ActiveCfg = Release S5|x86
		{707CEB10-EA0D-4A8A-AB18-BA41800DB0BF}.Rel S6|Mixed Platforms.Build.0 = Release S5|x86
		{707CEB10-EA0D-4A8A-AB18-BA41800DB0BF}.Rel S6|x86.ActiveCfg = Release S6|x86
		{707CEB10-EA0D-4A8A-AB18-BA41800DB0BF}.Rel S6|x86.Build.0 = Release S6|x86
		{707CEB10-EA0D-4A8A-AB18-BA41800DB0BF}.Release|Any CPU.ActiveCfg = Release S5|Any CPU
		{707CEB10-EA0D-4A8A-AB18-BA41800DB0BF}.Release|Any CPU.Build.0 = Release S5|Any CPU
		{707CEB10-EA0D-4A8A-AB18-BA41800DB0BF}.Release|Mixed Platforms.ActiveCfg = Release S5|x86
		{707CEB10-EA0D-4A8A-AB18-BA41800DB0BF}.Release|Mixed Platforms.Build.0 = Release S5|x86
		{707CEB10-EA0D-4A8A-AB18-BA41800DB0BF}.Release|x86.ActiveCfg = Release S5|x86
		{707CEB10-EA0D-4A8A-AB18-BA41800DB0BF}.Release|x86.Build.0 = Release S5|x86
		{9C66C249-83DA-4DD5-AB47-1372248AD9D3}.Dbg S5|Any CPU.ActiveCfg = Debug S5|Any CPU
		{9C66C249-83DA-4DD5-AB47-1372248AD9D3}.Dbg S5|Any CPU.Build.0 = Debug S5|Any CPU
		{9C66C249-83DA-4DD5-AB47-1372248AD9D3}.Dbg S5|Mixed Platforms.ActiveCfg = Debug S5|x86
		{9C66C249-83DA-4DD5-AB47-1372248AD9D3}.Dbg S5|Mixed Platforms.Build.0 = Debug S5|x86
		{9C66C249-83DA-4DD5-AB47-1372248AD9D3}.Dbg S5|x86.ActiveCfg = Debug S5|x86
		{9C66C249-83DA-4DD5-AB47-1372248AD9D3}.Dbg S5|x86.Build.0 = Debug S5|x86
		{9C66C249-83DA-4DD5-AB47-1372248AD9D3}.Dbg S6|Any CPU.ActiveCfg = Debug S5|Any CPU
		{9C66C249-83DA-4DD5-AB47-1372248AD9D3}.Dbg S6|Any CPU.Build.0 = Debug S5|Any CPU
		{9C66C249-83DA-4DD5-AB47-1372248AD9D3}.Dbg S6|Mixed Platforms.ActiveCfg = Debug S6|x86
		{9C66C249-83DA-4DD5-AB47-1372248AD9D3}.Dbg S6|Mixed Platforms.Build.0 = Debug S6|x86
		{9C66C249-83DA-4DD5-AB47-1372248AD9D3}.Dbg S6|x86.ActiveCfg = Debug S6|x86
		{9C66C249-83DA-4DD5-AB47-1372248AD9D3}.Dbg S6|x86.Build.0 = Debug S6|x86
		{9C66C249-83DA-4DD5-AB47-1372248AD9D3}.Debug|Any CPU.ActiveCfg = Debug S5|Any CPU
		{9C66C249-83DA-4DD5-AB47-1372248AD9D3}.Debug|Any CPU.Build.0 = Debug S5|Any CPU
		{9C66C249-83DA-4DD5-AB47-1372248AD9D3}.Debug|Mixed Platforms.ActiveCfg = Debug S5|x86
		{9C66C249-83DA-4DD5-AB47-1372248AD9D3}.Debug|Mixed Platforms.Build.0 = Debug S5|x86
		{9C66C249-83DA-4DD5-AB47-1372248AD9D3}.Debug|x86.ActiveCfg = Debug S5|x86
		{9C66C249-83DA-4DD5-AB47-1372248AD9D3}.Debug|x86.Build.0 = Debug S5|x86
		{9C66C249-83DA-4DD5-AB47-1372248AD9D3}.Rel S5|Any CPU.ActiveCfg = Release S5|Any CPU
		{9C66C249-83DA-4DD5-AB47-1372248AD9D3}.Rel S5|Any CPU.Build.0 = Release S5|Any CPU
		{9C66C249-83DA-4DD5-AB47-1372248AD9D3}.Rel S5|Mixed Platforms.ActiveCfg = Release S5|x86
		{9C66C249-83DA-4DD5-AB47-1372248AD9D3}.Rel S5|Mixed Platforms.Build.0 = Release S5|x86
		{9C66C249-83DA-4DD5-AB47-1372248AD9D3}.Rel S5|x86.ActiveCfg = Release S5|x86
		{9C66C249-83DA-4DD5-AB47-1372248AD9D3}.Rel S5|x86.Build.0 = Release S5|x86
		{9C66C249-83DA-4DD5-AB47-1372248AD9D3}.Rel S6|Any CPU.ActiveCfg = Release S6|Any CPU
		{9C66C249-83DA-4DD5-AB47-1372248AD9D3}.Rel S6|Any CPU.Build.0 = Release S6|Any CPU
		{9C66C249-83DA-4DD5-AB47-1372248AD9D3}.Rel S6|Mixed Platforms.ActiveCfg = Release S5|x86
		{9C66C249-83DA-4DD5-AB47-1372248AD9D3}.Rel S6|Mixed Platforms.Build.0 = Release S5|x86
		{9C66C249-83DA-4DD5-AB47-1372248AD9D3}.Rel S6|x86.ActiveCfg = Release S6|x86
		{9C66C249-83DA-4DD5-AB47-1372248AD9D3}.Rel S6|x86.Build.0 = Release S6|x86
		{9C66C249-83DA-4DD5-AB47-1372248AD9D3}.Release|Any CPU.ActiveCfg = Release S5|Any CPU
		{9C66C249-83DA-4DD5-AB47-1372248AD9D3}.Release|Any CPU.Build.0 = Release S5|Any CPU
		{9C66C249-83DA-4DD5-AB47-1372248AD9D3}.Release|Mixed Platforms.ActiveCfg = Release S5|x86
		{9C66C249-83DA-4DD5-AB47-1372248AD9D3}.Release|Mixed Platforms.Build.0 = Release S5|x86
		{9C66C249-83DA-4DD5-AB47-1372248AD9D3}.Release|x86.ActiveCfg = Release S5|x86
		{9C66C249-83DA-4DD5-AB47-1372248AD9D3}.Release|x86.Build.0 = Release S5|x86
		{72B8959A-9443-4AF8-B76A-794CD74675B4}.Dbg S5|Any CPU.ActiveCfg = Debug S5|Any CPU
		{72B8959A-9443-4AF8-B76A-794CD74675B4}.Dbg S5|Any CPU.Build.0 = Debug S5|Any CPU
		{72B8959A-9443-4AF8-B76A-794CD74675B4}.Dbg S5|Mixed Platforms.ActiveCfg = Debug S5|x86
		{72B8959A-9443-4AF8-B76A-794CD74675B4}.Dbg S5|Mixed Platforms.Build.0 = Debug S5|x86
		{72B8959A-9443-4AF8-B76A-794CD74675B4}.Dbg S5|x86.ActiveCfg = Debug S5|x86
		{72B8959A-9443-4AF8-B76A-794CD74675B4}.Dbg S5|x86.Build.0 = Debug S5|x86
		{72B8959A-9443-4AF8-B76A-794CD74675B4}.Dbg S6|Any CPU.ActiveCfg = Debug S5|Any CPU
		{72B8959A-9443-4AF8-B76A-794CD74675B4}.Dbg S6|Any CPU.Build.0 = Debug S5|Any CPU
		{72B8959A-9443-4AF8-B76A-794CD74675B4}.Dbg S6|Mixed Platforms.ActiveCfg = Debug S6|x86
		{72B8959A-9443-4AF8-B76A-794CD74675B4}.Dbg S6|Mixed Platforms.Build.0 = Debug S6|x86
		{72B8959A-9443-4AF8-B76A-794CD74675B4}.Dbg S6|x86.ActiveCfg = Debug S6|x86
		{72B8959A-9443-4AF8-B76A-794CD74675B4}.Dbg S6|x86.Build.0 = Debug S6|x86
		{72B8959A-9443-4AF8-B76A-794CD74675B4}.Debug|Any CPU.ActiveCfg = Debug S5|Any CPU
		{72B8959A-9443-4AF8-B76A-794CD74675B4}.Debug|Any CPU.Build.0 = Debug S5|Any CPU
		{72B8959A-9443-4AF8-B76A-794CD74675B4}.Debug|Mixed Platforms.ActiveCfg = Debug S5|x86
		{72B8959A-9443-4AF8-B76A-794CD74675B4}.Debug|Mixed Platforms.Build.0 = Debug S5|x86
		{72B8959A-9443-4AF8-B76A-794CD74675B4}.Debug|x86.ActiveCfg = Debug S5|x86
		{72B8959A-9443-4AF8-B76A-794CD74675B4}.Debug|x86.Build.0 = Debug S5|x86
		{72B8959A-9443-4AF8-B76A-794CD74675B4}.Rel S5|Any CPU.ActiveCfg = Release S5|Any CPU
		{72B8959A-9443-4AF8-B76A-794CD74675B4}.Rel S5|Any CPU.Build.0 = Release S5|Any CPU
		{72B8959A-9443-4AF8-B76A-794CD74675B4}.Rel S5|Mixed Platforms.ActiveCfg = Release S5|x86
		{72B8959A-9443-4AF8-B76A-794CD74675B4}.Rel S5|Mixed Platforms.Build.0 = Release S5|x86
		{72B8959A-9443-4AF8-B76A-794CD74675B4}.Rel S5|x86.ActiveCfg = Release S5|x86
		{72B8959A-9443-4AF8-B76A-794CD74675B4}.Rel S5|x86.Build.0 = Release S5|x86
		{72B8959A-9443-4AF8-B76A-794CD74675B4}.Rel S6|Any CPU.ActiveCfg = Release S6|Any CPU
		{72B8959A-9443-4AF8-B76A-794CD74675B4}.Rel S6|Any CPU.Build.0 = Release S6|Any CPU
		{72B8959A-9443-4AF8-B76A-794CD74675B4}.Rel S6|Mixed Platforms.ActiveCfg = Release S5|x86
		{72B8959A-9443-4AF8-B76A-794CD74675B4}.Rel S6|Mixed Platforms.Build.0 = Release S5|x86
		{72B8959A-9443-4AF8-B76A-794CD74675B4}.Rel S6|x86.ActiveCfg = Release S6|x86
		{72B8959A-9443-4AF8-B76A-794CD74675B4}.Rel S6|x86.Build.0 = Release S6|x86
		{72B8959A-9443-4AF8-B76A-794CD74675B4}.Release|Any CPU.ActiveCfg = Release S5|Any CPU
		{72B8959A-9443-4AF8-B76A-794CD74675B4}.Release|Any CPU.Build.0 = Release S5|Any CPU
		{72B8959A-9443-4AF8-B76A-794CD74675B4}.Release|Mixed Platforms.ActiveCfg = Release S5|x86
		{72B8959A-9443-4AF8-B76A-794CD74675B4}.Release|Mixed Platforms.Build.0 = Release S5|x86
		{72B8959A-9443-4AF8-B76A-794CD74675B4}.Release|x86.ActiveCfg = Release S5|x86
		{72B8959A-9443-4AF8-B76A-794CD74675B4}.Release|x86.Build.0 = Release S5|x86
		{16B211B2-5232-4DF1-94F2-BE76C28E1302}.Dbg S5|Any CPU.ActiveCfg = Debug|Any CPU
		{16B211B2-5232-4DF1-94F2-BE76C28E1302}.Dbg S5|Any CPU.Build.0 = Debug|Any CPU
		{16B211B2-5232-4DF1-94F2-BE76C28E1302}.Dbg S5|Mixed Platforms.ActiveCfg = Debug|Any CPU
		{16B211B2-5232-4DF1-94F2-BE76C28E1302}.Dbg S5|Mixed Platforms.Build.0 = Debug|Any CPU
		{16B211B2-5232-4DF1-94F2-BE76C28E1302}.Dbg S5|x86.ActiveCfg = Debug|Any CPU
		{16B211B2-5232-4DF1-94F2-BE76C28E1302}.Dbg S6|Any CPU.ActiveCfg = Debug|Any CPU
		{16B211B2-5232-4DF1-94F2-BE76C28E1302}.Dbg S6|Any CPU.Build.0 = Debug|Any CPU
		{16B211B2-5232-4DF1-94F2-BE76C28E1302}.Dbg S6|Mixed Platforms.ActiveCfg = Debug|Any CPU
		{16B211B2-5232-4DF1-94F2-BE76C28E1302}.Dbg S6|Mixed Platforms.Build.0 = Debug|Any CPU
		{16B211B2-5232-4DF1-94F2-BE76C28E1302}.Dbg S6|x86.ActiveCfg = Debug|Any CPU
		{16B211B2-5232-4DF1-94F2-BE76C28E1302}.Debug|Any CPU.ActiveCfg = Debug|Any CPU
		{16B211B2-5232-4DF1-94F2-BE76C28E1302}.Debug|Any CPU.Build.0 = Debug|Any CPU
		{16B211B2-5232-4DF1-94F2-BE76C28E1302}.Debug|Mixed Platforms.ActiveCfg = Debug|Any CPU
		{16B211B2-5232-4DF1-94F2-BE76C28E1302}.Debug|Mixed Platforms.Build.0 = Debug|Any CPU
		{16B211B2-5232-4DF1-94F2-BE76C28E1302}.Debug|x86.ActiveCfg = Debug|Any CPU
		{16B211B2-5232-4DF1-94F2-BE76C28E1302}.Rel S5|Any CPU.ActiveCfg = Release|Any CPU
		{16B211B2-5232-4DF1-94F2-BE76C28E1302}.Rel S5|Any CPU.Build.0 = Release|Any CPU
		{16B211B2-5232-4DF1-94F2-BE76C28E1302}.Rel S5|Mixed Platforms.ActiveCfg = Release|Any CPU
		{16B211B2-5232-4DF1-94F2-BE76C28E1302}.Rel S5|Mixed Platforms.Build.0 = Release|Any CPU
		{16B211B2-5232-4DF1-94F2-BE76C28E1302}.Rel S5|x86.ActiveCfg = Release|Any CPU
		{16B211B2-5232-4DF1-94F2-BE76C28E1302}.Rel S6|Any CPU.ActiveCfg = Release|Any CPU
		{16B211B2-5232-4DF1-94F2-BE76C28E1302}.Rel S6|Any CPU.Build.0 = Release|Any CPU
		{16B211B2-5232-4DF1-94F2-BE76C28E1302}.Rel S6|Mixed Platforms.ActiveCfg = Release|Any CPU
		{16B211B2-5232-4DF1-94F2-BE76C28E1302}.Rel S6|Mixed Platforms.Build.0 = Release|Any CPU
		{16B211B2-5232-4DF1-94F2-BE76C28E1302}.Rel S6|x86.ActiveCfg = Release|Any CPU
		{16B211B2-5232-4DF1-94F2-BE76C28E1302}.Release|Any CPU.ActiveCfg = Release|Any CPU
		{16B211B2-5232-4DF1-94F2-BE76C28E1302}.Release|Any CPU.Build.0 = Release|Any CPU
		{16B211B2-5232-4DF1-94F2-BE76C28E1302}.Release|Mixed Platforms.ActiveCfg = Release|Any CPU
		{16B211B2-5232-4DF1-94F2-BE76C28E1302}.Release|Mixed Platforms.Build.0 = Release|Any CPU
		{16B211B2-5232-4DF1-94F2-BE76C28E1302}.Release|x86.ActiveCfg = Release|Any CPU
	EndGlobalSection
	GlobalSection(SolutionProperties) = preSolution
		HideSolutionNode = FALSE
	EndGlobalSection
EndGlobal
