
Microsoft Visual Studio Solution File, Format Version 12.00
# Visual Studio Version 17
VisualStudioVersion = 17.1.32414.318
MinimumVisualStudioVersion = 10.0.40219.1
Project("{FAE04EC0-301F-11D3-BF4B-00C04F79EFBC}") = "LuaDebugger", "LuaDebugger\LuaDebugger.csproj", "{707CEB10-EA0D-4A8A-AB18-BA41800DB0BF}"
EndProject
Project("{FAE04EC0-301F-11D3-BF4B-00C04F79EFBC}") = "DebugSettlers", "DebugDummy\DebugSettlers.csproj", "{9C66C249-83DA-4DD5-AB47-1372248AD9D3}"
EndProject
Project("{FAE04EC0-301F-11D3-BF4B-00C04F79EFBC}") = "LuaDebuggerStarter", "LuaDebuggerStarter\LuaDebuggerStarter.csproj", "{16B211B2-5232-4DF1-94F2-BE76C28E1302}"
	ProjectSection(ProjectDependencies) = postProject
		{707CEB10-EA0D-4A8A-AB18-BA41800DB0BF} = {707CEB10-EA0D-4A8A-AB18-BA41800DB0BF}
	EndProjectSection
EndProject
Project("{2150E333-8FDC-42A3-9474-1A3956D46DE8}") = "Common", "Common", "{5E3A4AFE-CDC7-4CB1-8E4D-E33944F44284}"
	ProjectSection(SolutionItems) = preProject
		CommonAssemblyInfo.cs = CommonAssemblyInfo.cs
	EndProjectSection
EndProject
Global
	GlobalSection(SolutionConfigurationPlatforms) = preSolution
		Dbg S5|Any CPU = Dbg S5|Any CPU
		Dbg S5|x64 = Dbg S5|x64
		Dbg S5|x86 = Dbg S5|x86
		Dbg S6|Any CPU = Dbg S6|Any CPU
		Dbg S6|x64 = Dbg S6|x64
		Dbg S6|x86 = Dbg S6|x86
	EndGlobalSection
	GlobalSection(ProjectConfigurationPlatforms) = postSolution
		{707CEB10-EA0D-4A8A-AB18-BA41800DB0BF}.Dbg S5|Any CPU.ActiveCfg = DebugS5|Any CPU
		{707CEB10-EA0D-4A8A-AB18-BA41800DB0BF}.Dbg S5|Any CPU.Build.0 = DebugS5|Any CPU
		{707CEB10-EA0D-4A8A-AB18-BA41800DB0BF}.Dbg S5|x64.ActiveCfg = DebugS6|x64
		{707CEB10-EA0D-4A8A-AB18-BA41800DB0BF}.Dbg S5|x64.Build.0 = DebugS6|x64
		{707CEB10-EA0D-4A8A-AB18-BA41800DB0BF}.Dbg S5|x86.ActiveCfg = DebugS5|x86
		{707CEB10-EA0D-4A8A-AB18-BA41800DB0BF}.Dbg S5|x86.Build.0 = DebugS5|x86
		{707CEB10-EA0D-4A8A-AB18-BA41800DB0BF}.Dbg S6|Any CPU.ActiveCfg = DebugS5|Any CPU
		{707CEB10-EA0D-4A8A-AB18-BA41800DB0BF}.Dbg S6|Any CPU.Build.0 = DebugS5|Any CPU
		{707CEB10-EA0D-4A8A-AB18-BA41800DB0BF}.Dbg S6|x64.ActiveCfg = DebugS5|x64
		{707CEB10-EA0D-4A8A-AB18-BA41800DB0BF}.Dbg S6|x64.Build.0 = DebugS5|x64
		{707CEB10-EA0D-4A8A-AB18-BA41800DB0BF}.Dbg S6|x86.ActiveCfg = DebugS6|x86
		{707CEB10-EA0D-4A8A-AB18-BA41800DB0BF}.Dbg S6|x86.Build.0 = DebugS6|x86
		{9C66C249-83DA-4DD5-AB47-1372248AD9D3}.Dbg S5|Any CPU.ActiveCfg = DebugS5|Any CPU
		{9C66C249-83DA-4DD5-AB47-1372248AD9D3}.Dbg S5|x64.ActiveCfg = DebugS6|x64
		{9C66C249-83DA-4DD5-AB47-1372248AD9D3}.Dbg S5|x86.ActiveCfg = DebugS5|x86
		{9C66C249-83DA-4DD5-AB47-1372248AD9D3}.Dbg S5|x86.Build.0 = DebugS5|x86
		{9C66C249-83DA-4DD5-AB47-1372248AD9D3}.Dbg S6|Any CPU.ActiveCfg = DebugS5|Any CPU
		{9C66C249-83DA-4DD5-AB47-1372248AD9D3}.Dbg S6|Any CPU.Build.0 = DebugS5|Any CPU
		{9C66C249-83DA-4DD5-AB47-1372248AD9D3}.Dbg S6|x64.ActiveCfg = DebugS5|x64
		{9C66C249-83DA-4DD5-AB47-1372248AD9D3}.Dbg S6|x64.Build.0 = DebugS5|x64
		{9C66C249-83DA-4DD5-AB47-1372248AD9D3}.Dbg S6|x86.ActiveCfg = DebugS6|x86
		{9C66C249-83DA-4DD5-AB47-1372248AD9D3}.Dbg S6|x86.Build.0 = DebugS6|x86
		{16B211B2-5232-4DF1-94F2-BE76C28E1302}.Dbg S5|Any CPU.ActiveCfg = Debug|Any CPU
		{16B211B2-5232-4DF1-94F2-BE76C28E1302}.Dbg S5|x64.ActiveCfg = Debug|x64
		{16B211B2-5232-4DF1-94F2-BE76C28E1302}.Dbg S5|x86.ActiveCfg = Debug|x86
		{16B211B2-5232-4DF1-94F2-BE76C28E1302}.Dbg S5|x86.Build.0 = Debug|x86
		{16B211B2-5232-4DF1-94F2-BE76C28E1302}.Dbg S6|Any CPU.ActiveCfg = Debug|Any CPU
		{16B211B2-5232-4DF1-94F2-BE76C28E1302}.Dbg S6|Any CPU.Build.0 = Debug|Any CPU
		{16B211B2-5232-4DF1-94F2-BE76C28E1302}.Dbg S6|x64.ActiveCfg = Debug|x64
		{16B211B2-5232-4DF1-94F2-BE76C28E1302}.Dbg S6|x64.Build.0 = Debug|x64
		{16B211B2-5232-4DF1-94F2-BE76C28E1302}.Dbg S6|x86.ActiveCfg = Debug|x86
		{16B211B2-5232-4DF1-94F2-BE76C28E1302}.Dbg S6|x86.Build.0 = Debug|x86
	EndGlobalSection
	GlobalSection(SolutionProperties) = preSolution
		HideSolutionNode = FALSE
	EndGlobalSection
	GlobalSection(ExtensibilityGlobals) = postSolution
		SolutionGuid = {D34F8AF3-14D0-4F59-B504-EE4A93D023B0}
	EndGlobalSection
EndGlobal
